
Microsoft Visual Studio Solution File, Format Version 12.00
# Visual Studio 15
VisualStudioVersion = 15.0.28307.1300
MinimumVisualStudioVersion = 10.0.40219.1
Project("{E24C65DC-7377-472B-9ABA-BC803B73C61A}") = "Signup form with validation", "Signup form with validation\", "{D50C88FC-3607-492A-9889-5ABC0D0B3EBB}"
	ProjectSection(WebsiteProperties) = preProject
		TargetFrameworkMoniker = ".NETFramework,Version%3Dv4.6.1"
		Debug.AspNetCompiler.VirtualPath = "/localhost_60549"
		Debug.AspNetCompiler.PhysicalPath = "Signup form with validation\"
		Debug.AspNetCompiler.TargetPath = "PrecompiledWeb\localhost_60549\"
		Debug.AspNetCompiler.Updateable = "true"
		Debug.AspNetCompiler.ForceOverwrite = "true"
		Debug.AspNetCompiler.FixedNames = "false"
		Debug.AspNetCompiler.Debug = "True"
		Release.AspNetCompiler.VirtualPath = "/localhost_60549"
		Release.AspNetCompiler.PhysicalPath = "Signup form with validation\"
		Release.AspNetCompiler.TargetPath = "PrecompiledWeb\localhost_60549\"
		Release.AspNetCompiler.Updateable = "true"
		Release.AspNetCompiler.ForceOverwrite = "true"
		Release.AspNetCompiler.FixedNames = "false"
		Release.AspNetCompiler.Debug = "False"
		VWDPort = "60549"
		SlnRelativePath = "Signup form with validation\"
		DefaultWebSiteLanguage = "Visual C#"
	EndProjectSection
EndProject
Global
	GlobalSection(SolutionConfigurationPlatforms) = preSolution
		Debug|Any CPU = Debug|Any CPU
	EndGlobalSection
	GlobalSection(ProjectConfigurationPlatforms) = postSolution
		{D50C88FC-3607-492A-9889-5ABC0D0B3EBB}.Debug|Any CPU.ActiveCfg = Debug|Any CPU
		{D50C88FC-3607-492A-9889-5ABC0D0B3EBB}.Debug|Any CPU.Build.0 = Debug|Any CPU
	EndGlobalSection
	GlobalSection(SolutionProperties) = preSolution
		HideSolutionNode = FALSE
	EndGlobalSection
	GlobalSection(ExtensibilityGlobals) = postSolution
		SolutionGuid = {AE80E318-D66E-4301-8366-FC4CA5FD2E30}
	EndGlobalSection
EndGlobal
